// !$*UTF8*$!
{
	archiveVersion = 1;
	classes = {
	};
	objectVersion = 50;
	objects = {

/* Begin PBXBuildFile section */
		3FACC78E21917C9B00F43581 /* AppDelegate.swift in Sources */ = {isa = PBXBuildFile; fileRef = 3FACC78D21917C9B00F43581 /* AppDelegate.swift */; };
		3FACC79021917C9B00F43581 /* ViewController.swift in Sources */ = {isa = PBXBuildFile; fileRef = 3FACC78F21917C9B00F43581 /* ViewController.swift */; };
		3FACC79321917C9B00F43581 /* Main.storyboard in Resources */ = {isa = PBXBuildFile; fileRef = 3FACC79121917C9B00F43581 /* Main.storyboard */; };
		3FACC79521917C9F00F43581 /* Assets.xcassets in Resources */ = {isa = PBXBuildFile; fileRef = 3FACC79421917C9F00F43581 /* Assets.xcassets */; };
		3FACC79821917C9F00F43581 /* LaunchScreen.storyboard in Resources */ = {isa = PBXBuildFile; fileRef = 3FACC79621917C9F00F43581 /* LaunchScreen.storyboard */; };
		3FACC7A321917C9F00F43581 /* AnimationTests.swift in Sources */ = {isa = PBXBuildFile; fileRef = 3FACC7A221917C9F00F43581 /* AnimationTests.swift */; };
		3FACC7AE21917C9F00F43581 /* AnimationUITests.swift in Sources */ = {isa = PBXBuildFile; fileRef = 3FACC7AD21917C9F00F43581 /* AnimationUITests.swift */; };
/* End PBXBuildFile section */

/* Begin PBXContainerItemProxy section */
		3FACC79F21917C9F00F43581 /* PBXContainerItemProxy */ = {
			isa = PBXContainerItemProxy;
			containerPortal = 3FACC78221917C9A00F43581 /* Project object */;
			proxyType = 1;
			remoteGlobalIDString = 3FACC78921917C9A00F43581;
			remoteInfo = Animation;
		};
		3FACC7AA21917C9F00F43581 /* PBXContainerItemProxy */ = {
			isa = PBXContainerItemProxy;
			containerPortal = 3FACC78221917C9A00F43581 /* Project object */;
			proxyType = 1;
			remoteGlobalIDString = 3FACC78921917C9A00F43581;
			remoteInfo = Animation;
		};
/* End PBXContainerItemProxy section */

/* Begin PBXFileReference section */
		3FACC78A21917C9B00F43581 /* Animation.app */ = {isa = PBXFileReference; explicitFileType = wrapper.application; includeInIndex = 0; path = Animation.app; sourceTree = BUILT_PRODUCTS_DIR; };
		3FACC78D21917C9B00F43581 /* AppDelegate.swift */ = {isa = PBXFileReference; lastKnownFileType = sourcecode.swift; path = AppDelegate.swift; sourceTree = "<group>"; };
		3FACC78F21917C9B00F43581 /* ViewController.swift */ = {isa = PBXFileReference; lastKnownFileType = sourcecode.swift; path = ViewController.swift; sourceTree = "<group>"; };
		3FACC79221917C9B00F43581 /* Base */ = {isa = PBXFileReference; lastKnownFileType = file.storyboard; name = Base; path = Base.lproj/Main.storyboard; sourceTree = "<group>"; };
		3FACC79421917C9F00F43581 /* Assets.xcassets */ = {isa = PBXFileReference; lastKnownFileType = folder.assetcatalog; path = Assets.xcassets; sourceTree = "<group>"; };
		3FACC79721917C9F00F43581 /* Base */ = {isa = PBXFileReference; lastKnownFileType = file.storyboard; name = Base; path = Base.lproj/LaunchScreen.storyboard; sourceTree = "<group>"; };
		3FACC79921917C9F00F43581 /* Info.plist */ = {isa = PBXFileReference; lastKnownFileType = text.plist.xml; path = Info.plist; sourceTree = "<group>"; };
		3FACC79E21917C9F00F43581 /* AnimationTests.xctest */ = {isa = PBXFileReference; explicitFileType = wrapper.cfbundle; includeInIndex = 0; path = AnimationTests.xctest; sourceTree = BUILT_PRODUCTS_DIR; };
		3FACC7A221917C9F00F43581 /* AnimationTests.swift */ = {isa = PBXFileReference; lastKnownFileType = sourcecode.swift; path = AnimationTests.swift; sourceTree = "<group>"; };
		3FACC7A421917C9F00F43581 /* Info.plist */ = {isa = PBXFileReference; lastKnownFileType = text.plist.xml; path = Info.plist; sourceTree = "<group>"; };
		3FACC7A921917C9F00F43581 /* AnimationUITests.xctest */ = {isa = PBXFileReference; explicitFileType = wrapper.cfbundle; includeInIndex = 0; path = AnimationUITests.xctest; sourceTree = BUILT_PRODUCTS_DIR; };
		3FACC7AD21917C9F00F43581 /* AnimationUITests.swift */ = {isa = PBXFileReference; lastKnownFileType = sourcecode.swift; path = AnimationUITests.swift; sourceTree = "<group>"; };
		3FACC7AF21917C9F00F43581 /* Info.plist */ = {isa = PBXFileReference; lastKnownFileType = text.plist.xml; path = Info.plist; sourceTree = "<group>"; };
/* End PBXFileReference section */

/* Begin PBXFrameworksBuildPhase section */
		3FACC78721917C9A00F43581 /* Frameworks */ = {
			isa = PBXFrameworksBuildPhase;
			buildActionMask = 2147483647;
			files = (
			);
			runOnlyForDeploymentPostprocessing = 0;
		};
		3FACC79B21917C9F00F43581 /* Frameworks */ = {
			isa = PBXFrameworksBuildPhase;
			buildActionMask = 2147483647;
			files = (
			);
			runOnlyForDeploymentPostprocessing = 0;
		};
		3FACC7A621917C9F00F43581 /* Frameworks */ = {
			isa = PBXFrameworksBuildPhase;
			buildActionMask = 2147483647;
			files = (
			);
			runOnlyForDeploymentPostprocessing = 0;
		};
/* End PBXFrameworksBuildPhase section */

/* Begin PBXGroup section */
		3FACC78121917C9A00F43581 = {
			isa = PBXGroup;
			children = (
				3FACC78C21917C9B00F43581 /* Animation */,
				3FACC7A121917C9F00F43581 /* AnimationTests */,
				3FACC7AC21917C9F00F43581 /* AnimationUITests */,
				3FACC78B21917C9B00F43581 /* Products */,
			);
			sourceTree = "<group>";
		};
		3FACC78B21917C9B00F43581 /* Products */ = {
			isa = PBXGroup;
			children = (
				3FACC78A21917C9B00F43581 /* Animation.app */,
				3FACC79E21917C9F00F43581 /* AnimationTests.xctest */,
				3FACC7A921917C9F00F43581 /* AnimationUITests.xctest */,
			);
			name = Products;
			sourceTree = "<group>";
		};
		3FACC78C21917C9B00F43581 /* Animation */ = {
			isa = PBXGroup;
			children = (
				3FACC78D21917C9B00F43581 /* AppDelegate.swift */,
				3FACC78F21917C9B00F43581 /* ViewController.swift */,
				3FACC79121917C9B00F43581 /* Main.storyboard */,
				3FACC79421917C9F00F43581 /* Assets.xcassets */,
				3FACC79621917C9F00F43581 /* LaunchScreen.storyboard */,
				3FACC79921917C9F00F43581 /* Info.plist */,
			);
			path = Animation;
			sourceTree = "<group>";
		};
		3FACC7A121917C9F00F43581 /* AnimationTests */ = {
			isa = PBXGroup;
			children = (
				3FACC7A221917C9F00F43581 /* AnimationTests.swift */,
				3FACC7A421917C9F00F43581 /* Info.plist */,
			);
			path = AnimationTests;
			sourceTree = "<group>";
		};
		3FACC7AC21917C9F00F43581 /* AnimationUITests */ = {
			isa = PBXGroup;
			children = (
				3FACC7AD21917C9F00F43581 /* AnimationUITests.swift */,
				3FACC7AF21917C9F00F43581 /* Info.plist */,
			);
			path = AnimationUITests;
			sourceTree = "<group>";
		};
/* End PBXGroup section */

/* Begin PBXNativeTarget section */
		3FACC78921917C9A00F43581 /* Animation */ = {
			isa = PBXNativeTarget;
			buildConfigurationList = 3FACC7B221917C9F00F43581 /* Build configuration list for PBXNativeTarget "Animation" */;
			buildPhases = (
				3FACC78621917C9A00F43581 /* Sources */,
				3FACC78721917C9A00F43581 /* Frameworks */,
				3FACC78821917C9A00F43581 /* Resources */,
			);
			buildRules = (
			);
			dependencies = (
			);
			name = Animation;
			productName = Animation;
			productReference = 3FACC78A21917C9B00F43581 /* Animation.app */;
			productType = "com.apple.product-type.application";
		};
		3FACC79D21917C9F00F43581 /* AnimationTests */ = {
			isa = PBXNativeTarget;
			buildConfigurationList = 3FACC7B521917C9F00F43581 /* Build configuration list for PBXNativeTarget "AnimationTests" */;
			buildPhases = (
				3FACC79A21917C9F00F43581 /* Sources */,
				3FACC79B21917C9F00F43581 /* Frameworks */,
				3FACC79C21917C9F00F43581 /* Resources */,
			);
			buildRules = (
			);
			dependencies = (
				3FACC7A021917C9F00F43581 /* PBXTargetDependency */,
			);
			name = AnimationTests;
			productName = AnimationTests;
			productReference = 3FACC79E21917C9F00F43581 /* AnimationTests.xctest */;
			productType = "com.apple.product-type.bundle.unit-test";
		};
		3FACC7A821917C9F00F43581 /* AnimationUITests */ = {
			isa = PBXNativeTarget;
			buildConfigurationList = 3FACC7B821917C9F00F43581 /* Build configuration list for PBXNativeTarget "AnimationUITests" */;
			buildPhases = (
				3FACC7A521917C9F00F43581 /* Sources */,
				3FACC7A621917C9F00F43581 /* Frameworks */,
				3FACC7A721917C9F00F43581 /* Resources */,
			);
			buildRules = (
			);
			dependencies = (
				3FACC7AB21917C9F00F43581 /* PBXTargetDependency */,
			);
			name = AnimationUITests;
			productName = AnimationUITests;
			productReference = 3FACC7A921917C9F00F43581 /* AnimationUITests.xctest */;
			productType = "com.apple.product-type.bundle.ui-testing";
		};
/* End PBXNativeTarget section */

/* Begin PBXProject section */
		3FACC78221917C9A00F43581 /* Project object */ = {
			isa = PBXProject;
			attributes = {
				LastSwiftUpdateCheck = 1010;
				LastUpgradeCheck = 1010;
				ORGANIZATIONNAME = Student;
				TargetAttributes = {
					3FACC78921917C9A00F43581 = {
						CreatedOnToolsVersion = 10.1;
					};
					3FACC79D21917C9F00F43581 = {
						CreatedOnToolsVersion = 10.1;
						TestTargetID = 3FACC78921917C9A00F43581;
					};
					3FACC7A821917C9F00F43581 = {
						CreatedOnToolsVersion = 10.1;
						TestTargetID = 3FACC78921917C9A00F43581;
					};
				};
			};
			buildConfigurationList = 3FACC78521917C9A00F43581 /* Build configuration list for PBXProject "Animation" */;
			compatibilityVersion = "Xcode 9.3";
			developmentRegion = en;
			hasScannedForEncodings = 0;
			knownRegions = (
				en,
				Base,
			);
			mainGroup = 3FACC78121917C9A00F43581;
			productRefGroup = 3FACC78B21917C9B00F43581 /* Products */;
			projectDirPath = "";
			projectRoot = "";
			targets = (
				3FACC78921917C9A00F43581 /* Animation */,
				3FACC79D21917C9F00F43581 /* AnimationTests */,
				3FACC7A821917C9F00F43581 /* AnimationUITests */,
			);
		};
/* End PBXProject section */

/* Begin PBXResourcesBuildPhase section */
		3FACC78821917C9A00F43581 /* Resources */ = {
			isa = PBXResourcesBuildPhase;
			buildActionMask = 2147483647;
			files = (
				3FACC79821917C9F00F43581 /* LaunchScreen.storyboard in Resources */,
				3FACC79521917C9F00F43581 /* Assets.xcassets in Resources */,
				3FACC79321917C9B00F43581 /* Main.storyboard in Resources */,
			);
			runOnlyForDeploymentPostprocessing = 0;
		};
		3FACC79C21917C9F00F43581 /* Resources */ = {
			isa = PBXResourcesBuildPhase;
			buildActionMask = 2147483647;
			files = (
			);
			runOnlyForDeploymentPostprocessing = 0;
		};
		3FACC7A721917C9F00F43581 /* Resources */ = {
			isa = PBXResourcesBuildPhase;
			buildActionMask = 2147483647;
			files = (
			);
			runOnlyForDeploymentPostprocessing = 0;
		};
/* End PBXResourcesBuildPhase section */

/* Begin PBXSourcesBuildPhase section */
		3FACC78621917C9A00F43581 /* Sources */ = {
			isa = PBXSourcesBuildPhase;
			buildActionMask = 2147483647;
			files = (
				3FACC79021917C9B00F43581 /* ViewController.swift in Sources */,
				3FACC78E21917C9B00F43581 /* AppDelegate.swift in Sources */,
			);
			runOnlyForDeploymentPostprocessing = 0;
		};
		3FACC79A21917C9F00F43581 /* Sources */ = {
			isa = PBXSourcesBuildPhase;
			buildActionMask = 2147483647;
			files = (
				3FACC7A321917C9F00F43581 /* AnimationTests.swift in Sources */,
			);
			runOnlyForDeploymentPostprocessing = 0;
		};
		3FACC7A521917C9F00F43581 /* Sources */ = {
			isa = PBXSourcesBuildPhase;
			buildActionMask = 2147483647;
			files = (
				3FACC7AE21917C9F00F43581 /* AnimationUITests.swift in Sources */,
			);
			runOnlyForDeploymentPostprocessing = 0;
		};
/* End PBXSourcesBuildPhase section */

/* Begin PBXTargetDependency section */
		3FACC7A021917C9F00F43581 /* PBXTargetDependency */ = {
			isa = PBXTargetDependency;
			target = 3FACC78921917C9A00F43581 /* Animation */;
			targetProxy = 3FACC79F21917C9F00F43581 /* PBXContainerItemProxy */;
		};
		3FACC7AB21917C9F00F43581 /* PBXTargetDependency */ = {
			isa = PBXTargetDependency;
			target = 3FACC78921917C9A00F43581 /* Animation */;
			targetProxy = 3FACC7AA21917C9F00F43581 /* PBXContainerItemProxy */;
		};
/* End PBXTargetDependency section */

/* Begin PBXVariantGroup section */
		3FACC79121917C9B00F43581 /* Main.storyboard */ = {
			isa = PBXVariantGroup;
			children = (
				3FACC79221917C9B00F43581 /* Base */,
			);
			name = Main.storyboard;
			sourceTree = "<group>";
		};
		3FACC79621917C9F00F43581 /* LaunchScreen.storyboard */ = {
			isa = PBXVariantGroup;
			children = (
				3FACC79721917C9F00F43581 /* Base */,
			);
			name = LaunchScreen.storyboard;
			sourceTree = "<group>";
		};
/* End PBXVariantGroup section */

/* Begin XCBuildConfiguration section */
		3FACC7B021917C9F00F43581 /* Debug */ = {
			isa = XCBuildConfiguration;
			buildSettings = {
				ALWAYS_SEARCH_USER_PATHS = NO;
				CLANG_ANALYZER_NONNULL = YES;
				CLANG_ANALYZER_NUMBER_OBJECT_CONVERSION = YES_AGGRESSIVE;
				CLANG_CXX_LANGUAGE_STANDARD = "gnu++14";
				CLANG_CXX_LIBRARY = "libc++";
				CLANG_ENABLE_MODULES = YES;
				CLANG_ENABLE_OBJC_ARC = YES;
				CLANG_ENABLE_OBJC_WEAK = YES;
				CLANG_WARN_BLOCK_CAPTURE_AUTORELEASING = YES;
				CLANG_WARN_BOOL_CONVERSION = YES;
				CLANG_WARN_COMMA = YES;
				CLANG_WARN_CONSTANT_CONVERSION = YES;
				CLANG_WARN_DEPRECATED_OBJC_IMPLEMENTATIONS = YES;
				CLANG_WARN_DIRECT_OBJC_ISA_USAGE = YES_ERROR;
				CLANG_WARN_DOCUMENTATION_COMMENTS = YES;
				CLANG_WARN_EMPTY_BODY = YES;
				CLANG_WARN_ENUM_CONVERSION = YES;
				CLANG_WARN_INFINITE_RECURSION = YES;
				CLANG_WARN_INT_CONVERSION = YES;
				CLANG_WARN_NON_LITERAL_NULL_CONVERSION = YES;
				CLANG_WARN_OBJC_IMPLICIT_RETAIN_SELF = YES;
				CLANG_WARN_OBJC_LITERAL_CONVERSION = YES;
				CLANG_WARN_OBJC_ROOT_CLASS = YES_ERROR;
				CLANG_WARN_RANGE_LOOP_ANALYSIS = YES;
				CLANG_WARN_STRICT_PROTOTYPES = YES;
				CLANG_WARN_SUSPICIOUS_MOVE = YES;
				CLANG_WARN_UNGUARDED_AVAILABILITY = YES_AGGRESSIVE;
				CLANG_WARN_UNREACHABLE_CODE = YES;
				CLANG_WARN__DUPLICATE_METHOD_MATCH = YES;
				CODE_SIGN_IDENTITY = "iPhone Developer";
				COPY_PHASE_STRIP = NO;
				DEBUG_INFORMATION_FORMAT = dwarf;
				ENABLE_STRICT_OBJC_MSGSEND = YES;
				ENABLE_TESTABILITY = YES;
				GCC_C_LANGUAGE_STANDARD = gnu11;
				GCC_DYNAMIC_NO_PIC = NO;
				GCC_NO_COMMON_BLOCKS = YES;
				GCC_OPTIMIZATION_LEVEL = 0;
				GCC_PREPROCESSOR_DEFINITIONS = (
					"DEBUG=1",
					"$(inherited)",
				);
				GCC_WARN_64_TO_32_BIT_CONVERSION = YES;
				GCC_WARN_ABOUT_RETURN_TYPE = YES_ERROR;
				GCC_WARN_UNDECLARED_SELECTOR = YES;
				GCC_WARN_UNINITIALIZED_AUTOS = YES_AGGRESSIVE;
				GCC_WARN_UNUSED_FUNCTION = YES;
				GCC_WARN_UNUSED_VARIABLE = YES;
				IPHONEOS_DEPLOYMENT_TARGET = 12.1;
				MTL_ENABLE_DEBUG_INFO = INCLUDE_SOURCE;
				MTL_FAST_MATH = YES;
				ONLY_ACTIVE_ARCH = YES;
				SDKROOT = iphoneos;
				SWIFT_ACTIVE_COMPILATION_CONDITIONS = DEBUG;
				SWIFT_OPTIMIZATION_LEVEL = "-Onone";
			};
			name = Debug;
		};
		3FACC7B121917C9F00F43581 /* Release */ = {
			isa = XCBuildConfiguration;
			buildSettings = {
				ALWAYS_SEARCH_USER_PATHS = NO;
				CLANG_ANALYZER_NONNULL = YES;
				CLANG_ANALYZER_NUMBER_OBJECT_CONVERSION = YES_AGGRESSIVE;
				CLANG_CXX_LANGUAGE_STANDARD = "gnu++14";
				CLANG_CXX_LIBRARY = "libc++";
				CLANG_ENABLE_MODULES = YES;
				CLANG_ENABLE_OBJC_ARC = YES;
				CLANG_ENABLE_OBJC_WEAK = YES;
				CLANG_WARN_BLOCK_CAPTURE_AUTORELEASING = YES;
				CLANG_WARN_BOOL_CONVERSION = YES;
				CLANG_WARN_COMMA = YES;
				CLANG_WARN_CONSTANT_CONVERSION = YES;
				CLANG_WARN_DEPRECATED_OBJC_IMPLEMENTATIONS = YES;
				CLANG_WARN_DIRECT_OBJC_ISA_USAGE = YES_ERROR;
				CLANG_WARN_DOCUMENTATION_COMMENTS = YES;
				CLANG_WARN_EMPTY_BODY = YES;
				CLANG_WARN_ENUM_CONVERSION = YES;
				CLANG_WARN_INFINITE_RECURSION = YES;
				CLANG_WARN_INT_CONVERSION = YES;
				CLANG_WARN_NON_LITERAL_NULL_CONVERSION = YES;
				CLANG_WARN_OBJC_IMPLICIT_RETAIN_SELF = YES;
				CLANG_WARN_OBJC_LITERAL_CONVERSION = YES;
				CLANG_WARN_OBJC_ROOT_CLASS = YES_ERROR;
				CLANG_WARN_RANGE_LOOP_ANALYSIS = YES;
				CLANG_WARN_STRICT_PROTOTYPES = YES;
				CLANG_WARN_SUSPICIOUS_MOVE = YES;
				CLANG_WARN_UNGUARDED_AVAILABILITY = YES_AGGRESSIVE;
				CLANG_WARN_UNREACHABLE_CODE = YES;
				CLANG_WARN__DUPLICATE_METHOD_MATCH = YES;
				CODE_SIGN_IDENTITY = "iPhone Developer";
				COPY_PHASE_STRIP = NO;
				DEBUG_INFORMATION_FORMAT = "dwarf-with-dsym";
				ENABLE_NS_ASSERTIONS = NO;
				ENABLE_STRICT_OBJC_MSGSEND = YES;
				GCC_C_LANGUAGE_STANDARD = gnu11;
				GCC_NO_COMMON_BLOCKS = YES;
				GCC_WARN_64_TO_32_BIT_CONVERSION = YES;
				GCC_WARN_ABOUT_RETURN_TYPE = YES_ERROR;
				GCC_WARN_UNDECLARED_SELECTOR = YES;
				GCC_WARN_UNINITIALIZED_AUTOS = YES_AGGRESSIVE;
				GCC_WARN_UNUSED_FUNCTION = YES;
				GCC_WARN_UNUSED_VARIABLE = YES;
				IPHONEOS_DEPLOYMENT_TARGET = 12.1;
				MTL_ENABLE_DEBUG_INFO = NO;
				MTL_FAST_MATH = YES;
				SDKROOT = iphoneos;
				SWIFT_COMPILATION_MODE = wholemodule;
				SWIFT_OPTIMIZATION_LEVEL = "-O";
				VALIDATE_PRODUCT = YES;
			};
			name = Release;
		};
		3FACC7B321917C9F00F43581 /* Debug */ = {
			isa = XCBuildConfiguration;
			buildSettings = {
				ASSETCATALOG_COMPILER_APPICON_NAME = AppIcon;
				CODE_SIGN_STYLE = Automatic;
				INFOPLIST_FILE = Animation/Info.plist;
				LD_RUNPATH_SEARCH_PATHS = (
					"$(inherited)",
					"@executable_path/Frameworks",
				);
				PRODUCT_BUNDLE_IDENTIFIER = ithub.ru.Animation;
				PRODUCT_NAME = "$(TARGET_NAME)";
				SWIFT_VERSION = 4.2;
				TARGETED_DEVICE_FAMILY = "1,2";
			};
			name = Debug;
		};
		3FACC7B421917C9F00F43581 /* Release */ = {
			isa = XCBuildConfiguration;
			buildSettings = {
				ASSETCATALOG_COMPILER_APPICON_NAME = AppIcon;
				CODE_SIGN_STYLE = Automatic;
				INFOPLIST_FILE = Animation/Info.plist;
				LD_RUNPATH_SEARCH_PATHS = (
					"$(inherited)",
					"@executable_path/Frameworks",
				);
				PRODUCT_BUNDLE_IDENTIFIER = ithub.ru.Animation;
				PRODUCT_NAME = "$(TARGET_NAME)";
				SWIFT_VERSION = 4.2;
				TARGETED_DEVICE_FAMILY = "1,2";
			};
			name = Release;
		};
		3FACC7B621917C9F00F43581 /* Debug */ = {
			isa = XCBuildConfiguration;
			buildSettings = {
				ALWAYS_EMBED_SWIFT_STANDARD_LIBRARIES = YES;
				BUNDLE_LOADER = "$(TEST_HOST)";
				CODE_SIGN_STYLE = Automatic;
				INFOPLIST_FILE = AnimationTests/Info.plist;
				LD_RUNPATH_SEARCH_PATHS = (
					"$(inherited)",
					"@executable_path/Frameworks",
					"@loader_path/Frameworks",
				);
				PRODUCT_BUNDLE_IDENTIFIER = ithub.ru.AnimationTests;
				PRODUCT_NAME = "$(TARGET_NAME)";
				SWIFT_VERSION = 4.2;
				TARGETED_DEVICE_FAMILY = "1,2";
				TEST_HOST = "$(BUILT_PRODUCTS_DIR)/Animation.app/Animation";
			};
			name = Debug;
		};
		3FACC7B721917C9F00F43581 /* Release */ = {
			isa = XCBuildConfiguration;
			buildSettings = {
				ALWAYS_EMBED_SWIFT_STANDARD_LIBRARIES = YES;
				BUNDLE_LOADER = "$(TEST_HOST)";
				CODE_SIGN_STYLE = Automatic;
				INFOPLIST_FILE = AnimationTests/Info.plist;
				LD_RUNPATH_SEARCH_PATHS = (
					"$(inherited)",
					"@executable_path/Frameworks",
					"@loader_path/Frameworks",
				);
				PRODUCT_BUNDLE_IDENTIFIER = ithub.ru.AnimationTests;
				PRODUCT_NAME = "$(TARGET_NAME)";
				SWIFT_VERSION = 4.2;
				TARGETED_DEVICE_FAMILY = "1,2";
				TEST_HOST = "$(BUILT_PRODUCTS_DIR)/Animation.app/Animation";
			};
			name = Release;
		};
		3FACC7B921917C9F00F43581 /* Debug */ = {
			isa = XCBuildConfiguration;
			buildSettings = {
				ALWAYS_EMBED_SWIFT_STANDARD_LIBRARIES = YES;
				CODE_SIGN_STYLE = Automatic;
				INFOPLIST_FILE = AnimationUITests/Info.plist;
				LD_RUNPATH_SEARCH_PATHS = (
					"$(inherited)",
					"@executable_path/Frameworks",
					"@loader_path/Frameworks",
				);
				PRODUCT_BUNDLE_IDENTIFIER = ithub.ru.AnimationUITests;
				PRODUCT_NAME = "$(TARGET_NAME)";
				SWIFT_VERSION = 4.2;
				TARGETED_DEVICE_FAMILY = "1,2";
				TEST_TARGET_NAME = Animation;
			};
			name = Debug;
		};
		3FACC7BA21917C9F00F43581 /* Release */ = {
			isa = XCBuildConfiguration;
			buildSettings = {
				ALWAYS_EMBED_SWIFT_STANDARD_LIBRARIES = YES;
				CODE_SIGN_STYLE = Automatic;
				INFOPLIST_FILE = AnimationUITests/Info.plist;
				LD_RUNPATH_SEARCH_PATHS = (
					"$(inherited)",
					"@executable_path/Frameworks",
					"@loader_path/Frameworks",
				);
				PRODUCT_BUNDLE_IDENTIFIER = ithub.ru.AnimationUITests;
				PRODUCT_NAME = "$(TARGET_NAME)";
				SWIFT_VERSION = 4.2;
				TARGETED_DEVICE_FAMILY = "1,2";
				TEST_TARGET_NAME = Animation;
			};
			name = Release;
		};
/* End XCBuildConfiguration section */

/* Begin XCConfigurationList section */
		3FACC78521917C9A00F43581 /* Build configuration list for PBXProject "Animation" */ = {
			isa = XCConfigurationList;
			buildConfigurations = (
				3FACC7B021917C9F00F43581 /* Debug */,
				3FACC7B121917C9F00F43581 /* Release */,
			);
			defaultConfigurationIsVisible = 0;
			defaultConfigurationName = Release;
		};
		3FACC7B221917C9F00F43581 /* Build configuration list for PBXNativeTarget "Animation" */ = {
			isa = XCConfigurationList;
			buildConfigurations = (
				3FACC7B321917C9F00F43581 /* Debug */,
				3FACC7B421917C9F00F43581 /* Release */,
			);
			defaultConfigurationIsVisible = 0;
			defaultConfigurationName = Release;
		};
		3FACC7B521917C9F00F43581 /* Build configuration list for PBXNativeTarget "AnimationTests" */ = {
			isa = XCConfigurationList;
			buildConfigurations = (
				3FACC7B621917C9F00F43581 /* Debug */,
				3FACC7B721917C9F00F43581 /* Release */,
			);
			defaultConfigurationIsVisible = 0;
			defaultConfigurationName = Release;
		};
		3FACC7B821917C9F00F43581 /* Build configuration list for PBXNativeTarget "AnimationUITests" */ = {
			isa = XCConfigurationList;
			buildConfigurations = (
				3FACC7B921917C9F00F43581 /* Debug */,
				3FACC7BA21917C9F00F43581 /* Release */,
			);
			defaultConfigurationIsVisible = 0;
			defaultConfigurationName = Release;
		};
/* End XCConfigurationList section */
	};
	rootObject = 3FACC78221917C9A00F43581 /* Project object */;
}
